// !$*UTF8*$!
{
	archiveVersion = 1;
	classes = {
	};
	objectVersion = 46;
	objects = {

/* Begin PBXBuildFile section */
		81AD612E14C47B8000609357 /* NSObject+SBJson.m in Sources */ = {isa = PBXBuildFile; fileRef = 81AD611614C47B8000609357 /* NSObject+SBJson.m */; settings = {COMPILER_FLAGS = "-fno-objc-arc"; }; };
		81AD612F14C47B8000609357 /* SBJsonParser.m in Sources */ = {isa = PBXBuildFile; fileRef = 81AD611914C47B8000609357 /* SBJsonParser.m */; settings = {COMPILER_FLAGS = "-fno-objc-arc"; }; };
		81AD613014C47B8000609357 /* SBJsonStreamParser.m in Sources */ = {isa = PBXBuildFile; fileRef = 81AD611B14C47B8000609357 /* SBJsonStreamParser.m */; settings = {COMPILER_FLAGS = "-fno-objc-arc"; }; };
		81AD613114C47B8000609357 /* SBJsonStreamParserAccumulator.m in Sources */ = {isa = PBXBuildFile; fileRef = 81AD611D14C47B8000609357 /* SBJsonStreamParserAccumulator.m */; settings = {COMPILER_FLAGS = "-fno-objc-arc"; }; };
		81AD613214C47B8000609357 /* SBJsonStreamParserAdapter.m in Sources */ = {isa = PBXBuildFile; fileRef = 81AD611F14C47B8000609357 /* SBJsonStreamParserAdapter.m */; settings = {COMPILER_FLAGS = "-fno-objc-arc"; }; };
		81AD613314C47B8000609357 /* SBJsonStreamParserState.m in Sources */ = {isa = PBXBuildFile; fileRef = 81AD612114C47B8000609357 /* SBJsonStreamParserState.m */; settings = {COMPILER_FLAGS = "-fno-objc-arc"; }; };
		81AD613414C47B8000609357 /* SBJsonStreamWriter.m in Sources */ = {isa = PBXBuildFile; fileRef = 81AD612314C47B8000609357 /* SBJsonStreamWriter.m */; settings = {COMPILER_FLAGS = "-fno-objc-arc"; }; };
		81AD613514C47B8000609357 /* SBJsonStreamWriterAccumulator.m in Sources */ = {isa = PBXBuildFile; fileRef = 81AD612514C47B8000609357 /* SBJsonStreamWriterAccumulator.m */; settings = {COMPILER_FLAGS = "-fno-objc-arc"; }; };
		81AD613614C47B8000609357 /* SBJsonStreamWriterState.m in Sources */ = {isa = PBXBuildFile; fileRef = 81AD612714C47B8000609357 /* SBJsonStreamWriterState.m */; settings = {COMPILER_FLAGS = "-fno-objc-arc"; }; };
		81AD613714C47B8000609357 /* SBJsonTokeniser.m in Sources */ = {isa = PBXBuildFile; fileRef = 81AD612914C47B8000609357 /* SBJsonTokeniser.m */; settings = {COMPILER_FLAGS = "-fno-objc-arc"; }; };
		81AD613814C47B8000609357 /* SBJsonUTF8Stream.m in Sources */ = {isa = PBXBuildFile; fileRef = 81AD612B14C47B8000609357 /* SBJsonUTF8Stream.m */; settings = {COMPILER_FLAGS = "-fno-objc-arc"; }; };
		81AD613914C47B8000609357 /* SBJsonWriter.m in Sources */ = {isa = PBXBuildFile; fileRef = 81AD612D14C47B8000609357 /* SBJsonWriter.m */; settings = {COMPILER_FLAGS = "-fno-objc-arc"; }; };
		81AD614214C483C300609357 /* ReturnData.m in Sources */ = {isa = PBXBuildFile; fileRef = 81AD614114C483C300609357 /* ReturnData.m */; };
		81C2652F14C448D500F0D8E7 /* Foundation.framework in Frameworks */ = {isa = PBXBuildFile; fileRef = 81C2652E14C448D500F0D8E7 /* Foundation.framework */; };
		81C2653214C448D500F0D8E7 /* main.m in Sources */ = {isa = PBXBuildFile; fileRef = 81C2653114C448D500F0D8E7 /* main.m */; };
		81C2654614C4513E00F0D8E7 /* DownloadData.m in Sources */ = {isa = PBXBuildFile; fileRef = 81C2654514C4513E00F0D8E7 /* DownloadData.m */; };
		81C2657A14C4705E00F0D8E7 /* WriteJsonResponse.m in Sources */ = {isa = PBXBuildFile; fileRef = 81C2657914C4705E00F0D8E7 /* WriteJsonResponse.m */; };
		AD28F8E51534486F00E75F80 /* skm_uia_download in CopyFiles */ = {isa = PBXBuildFile; fileRef = 81C2652A14C448D500F0D8E7 /* skm_uia_download */; };
		AD2F18AD16C17F4F00471F71 /* NSString+Meridian.m in Sources */ = {isa = PBXBuildFile; fileRef = AD2F18AC16C17F4F00471F71 /* NSString+Meridian.m */; };
		D83947FF153474DC00A970C1 /* Alternatives.m in Sources */ = {isa = PBXBuildFile; fileRef = D83947EE153474DC00A970C1 /* Alternatives.m */; };
		D8394800153474DC00A970C1 /* CardImages.m in Sources */ = {isa = PBXBuildFile; fileRef = D83947F0153474DC00A970C1 /* CardImages.m */; };
		D8394801153474DC00A970C1 /* Cast.m in Sources */ = {isa = PBXBuildFile; fileRef = D83947F2153474DC00A970C1 /* Cast.m */; };
		D8394802153474DC00A970C1 /* Directors.m in Sources */ = {isa = PBXBuildFile; fileRef = D83947F4153474DC00A970C1 /* Directors.m */; };
		D8394803153474DC00A970C1 /* KeyArtImages.m in Sources */ = {isa = PBXBuildFile; fileRef = D83947F6153474DC00A970C1 /* KeyArtImages.m */; };
		D8394804153474DC00A970C1 /* Movies.m in Sources */ = {isa = PBXBuildFile; fileRef = D83947F8153474DC00A970C1 /* Movies.m */; };
		D8394805153474DC00A970C1 /* SkyMovies.m in Sources */ = {isa = PBXBuildFile; fileRef = D83947FA153474DC00A970C1 /* SkyMovies.m */; };
		D8394806153474DC00A970C1 /* Videos.m in Sources */ = {isa = PBXBuildFile; fileRef = D83947FC153474DC00A970C1 /* Videos.m */; };
		D8394807153474DC00A970C1 /* ViewingWindow.m in Sources */ = {isa = PBXBuildFile; fileRef = D83947FE153474DC00A970C1 /* ViewingWindow.m */; };
		D8FB96BF1540113D004B20BC /* SKMAiring.m in Sources */ = {isa = PBXBuildFile; fileRef = D8FB96BE1540113D004B20BC /* SKMAiring.m */; };
		D8FB96C2154011EB004B20BC /* AiringManager.m in Sources */ = {isa = PBXBuildFile; fileRef = D8FB96C1154011EB004B20BC /* AiringManager.m */; };
/* End PBXBuildFile section */

/* Begin PBXCopyFilesBuildPhase section */
		81C2652814C448D500F0D8E7 /* CopyFiles */ = {
			isa = PBXCopyFilesBuildPhase;
			buildActionMask = 12;
			dstPath = usr/bin;
			dstSubfolderSpec = 6;
			files = (
				AD28F8E51534486F00E75F80 /* skm_uia_download in CopyFiles */,
			);
			runOnlyForDeploymentPostprocessing = 0;
		};
/* End PBXCopyFilesBuildPhase section */

/* Begin PBXFileReference section */
		81AD611414C47B8000609357 /* JSON.h */ = {isa = PBXFileReference; fileEncoding = 4; lastKnownFileType = sourcecode.c.h; name = JSON.h; path = vendor/modified/SBJson_v3_0_4/JSON.h; sourceTree = "<group>"; };
		81AD611514C47B8000609357 /* NSObject+SBJson.h */ = {isa = PBXFileReference; fileEncoding = 4; lastKnownFileType = sourcecode.c.h; name = "NSObject+SBJson.h"; path = "vendor/modified/SBJson_v3_0_4/NSObject+SBJson.h"; sourceTree = "<group>"; };
		81AD611614C47B8000609357 /* NSObject+SBJson.m */ = {isa = PBXFileReference; fileEncoding = 4; lastKnownFileType = sourcecode.c.objc; name = "NSObject+SBJson.m"; path = "vendor/modified/SBJson_v3_0_4/NSObject+SBJson.m"; sourceTree = "<group>"; };
		81AD611714C47B8000609357 /* SBJson.h */ = {isa = PBXFileReference; fileEncoding = 4; lastKnownFileType = sourcecode.c.h; name = SBJson.h; path = vendor/modified/SBJson_v3_0_4/SBJson.h; sourceTree = "<group>"; };
		81AD611814C47B8000609357 /* SBJsonParser.h */ = {isa = PBXFileReference; fileEncoding = 4; lastKnownFileType = sourcecode.c.h; name = SBJsonParser.h; path = vendor/modified/SBJson_v3_0_4/SBJsonParser.h; sourceTree = "<group>"; };
		81AD611914C47B8000609357 /* SBJsonParser.m */ = {isa = PBXFileReference; fileEncoding = 4; lastKnownFileType = sourcecode.c.objc; name = SBJsonParser.m; path = vendor/modified/SBJson_v3_0_4/SBJsonParser.m; sourceTree = "<group>"; };
		81AD611A14C47B8000609357 /* SBJsonStreamParser.h */ = {isa = PBXFileReference; fileEncoding = 4; lastKnownFileType = sourcecode.c.h; name = SBJsonStreamParser.h; path = vendor/modified/SBJson_v3_0_4/SBJsonStreamParser.h; sourceTree = "<group>"; };
		81AD611B14C47B8000609357 /* SBJsonStreamParser.m */ = {isa = PBXFileReference; fileEncoding = 4; lastKnownFileType = sourcecode.c.objc; name = SBJsonStreamParser.m; path = vendor/modified/SBJson_v3_0_4/SBJsonStreamParser.m; sourceTree = "<group>"; };
		81AD611C14C47B8000609357 /* SBJsonStreamParserAccumulator.h */ = {isa = PBXFileReference; fileEncoding = 4; lastKnownFileType = sourcecode.c.h; name = SBJsonStreamParserAccumulator.h; path = vendor/modified/SBJson_v3_0_4/SBJsonStreamParserAccumulator.h; sourceTree = "<group>"; };
		81AD611D14C47B8000609357 /* SBJsonStreamParserAccumulator.m */ = {isa = PBXFileReference; fileEncoding = 4; lastKnownFileType = sourcecode.c.objc; name = SBJsonStreamParserAccumulator.m; path = vendor/modified/SBJson_v3_0_4/SBJsonStreamParserAccumulator.m; sourceTree = "<group>"; };
		81AD611E14C47B8000609357 /* SBJsonStreamParserAdapter.h */ = {isa = PBXFileReference; fileEncoding = 4; lastKnownFileType = sourcecode.c.h; name = SBJsonStreamParserAdapter.h; path = vendor/modified/SBJson_v3_0_4/SBJsonStreamParserAdapter.h; sourceTree = "<group>"; };
		81AD611F14C47B8000609357 /* SBJsonStreamParserAdapter.m */ = {isa = PBXFileReference; fileEncoding = 4; lastKnownFileType = sourcecode.c.objc; name = SBJsonStreamParserAdapter.m; path = vendor/modified/SBJson_v3_0_4/SBJsonStreamParserAdapter.m; sourceTree = "<group>"; };
		81AD612014C47B8000609357 /* SBJsonStreamParserState.h */ = {isa = PBXFileReference; fileEncoding = 4; lastKnownFileType = sourcecode.c.h; name = SBJsonStreamParserState.h; path = vendor/modified/SBJson_v3_0_4/SBJsonStreamParserState.h; sourceTree = "<group>"; };
		81AD612114C47B8000609357 /* SBJsonStreamParserState.m */ = {isa = PBXFileReference; fileEncoding = 4; lastKnownFileType = sourcecode.c.objc; name = SBJsonStreamParserState.m; path = vendor/modified/SBJson_v3_0_4/SBJsonStreamParserState.m; sourceTree = "<group>"; };
		81AD612214C47B8000609357 /* SBJsonStreamWriter.h */ = {isa = PBXFileReference; fileEncoding = 4; lastKnownFileType = sourcecode.c.h; name = SBJsonStreamWriter.h; path = vendor/modified/SBJson_v3_0_4/SBJsonStreamWriter.h; sourceTree = "<group>"; };
		81AD612314C47B8000609357 /* SBJsonStreamWriter.m */ = {isa = PBXFileReference; fileEncoding = 4; lastKnownFileType = sourcecode.c.objc; name = SBJsonStreamWriter.m; path = vendor/modified/SBJson_v3_0_4/SBJsonStreamWriter.m; sourceTree = "<group>"; };
		81AD612414C47B8000609357 /* SBJsonStreamWriterAccumulator.h */ = {isa = PBXFileReference; fileEncoding = 4; lastKnownFileType = sourcecode.c.h; name = SBJsonStreamWriterAccumulator.h; path = vendor/modified/SBJson_v3_0_4/SBJsonStreamWriterAccumulator.h; sourceTree = "<group>"; };
		81AD612514C47B8000609357 /* SBJsonStreamWriterAccumulator.m */ = {isa = PBXFileReference; fileEncoding = 4; lastKnownFileType = sourcecode.c.objc; name = SBJsonStreamWriterAccumulator.m; path = vendor/modified/SBJson_v3_0_4/SBJsonStreamWriterAccumulator.m; sourceTree = "<group>"; };
		81AD612614C47B8000609357 /* SBJsonStreamWriterState.h */ = {isa = PBXFileReference; fileEncoding = 4; lastKnownFileType = sourcecode.c.h; name = SBJsonStreamWriterState.h; path = vendor/modified/SBJson_v3_0_4/SBJsonStreamWriterState.h; sourceTree = "<group>"; };
		81AD612714C47B8000609357 /* SBJsonStreamWriterState.m */ = {isa = PBXFileReference; fileEncoding = 4; lastKnownFileType = sourcecode.c.objc; name = SBJsonStreamWriterState.m; path = vendor/modified/SBJson_v3_0_4/SBJsonStreamWriterState.m; sourceTree = "<group>"; };
		81AD612814C47B8000609357 /* SBJsonTokeniser.h */ = {isa = PBXFileReference; fileEncoding = 4; lastKnownFileType = sourcecode.c.h; name = SBJsonTokeniser.h; path = vendor/modified/SBJson_v3_0_4/SBJsonTokeniser.h; sourceTree = "<group>"; };
		81AD612914C47B8000609357 /* SBJsonTokeniser.m */ = {isa = PBXFileReference; fileEncoding = 4; lastKnownFileType = sourcecode.c.objc; name = SBJsonTokeniser.m; path = vendor/modified/SBJson_v3_0_4/SBJsonTokeniser.m; sourceTree = "<group>"; };
		81AD612A14C47B8000609357 /* SBJsonUTF8Stream.h */ = {isa = PBXFileReference; fileEncoding = 4; lastKnownFileType = sourcecode.c.h; name = SBJsonUTF8Stream.h; path = vendor/modified/SBJson_v3_0_4/SBJsonUTF8Stream.h; sourceTree = "<group>"; };
		81AD612B14C47B8000609357 /* SBJsonUTF8Stream.m */ = {isa = PBXFileReference; fileEncoding = 4; lastKnownFileType = sourcecode.c.objc; name = SBJsonUTF8Stream.m; path = vendor/modified/SBJson_v3_0_4/SBJsonUTF8Stream.m; sourceTree = "<group>"; };
		81AD612C14C47B8000609357 /* SBJsonWriter.h */ = {isa = PBXFileReference; fileEncoding = 4; lastKnownFileType = sourcecode.c.h; name = SBJsonWriter.h; path = vendor/modified/SBJson_v3_0_4/SBJsonWriter.h; sourceTree = "<group>"; };
		81AD612D14C47B8000609357 /* SBJsonWriter.m */ = {isa = PBXFileReference; fileEncoding = 4; lastKnownFileType = sourcecode.c.objc; name = SBJsonWriter.m; path = vendor/modified/SBJson_v3_0_4/SBJsonWriter.m; sourceTree = "<group>"; };
		81AD613A14C47BE000609357 /* readme.rtf */ = {isa = PBXFileReference; fileEncoding = 4; lastKnownFileType = text.rtf; name = readme.rtf; path = vendor/modified/readme.rtf; sourceTree = "<group>"; };
		81AD614014C483C300609357 /* ReturnData.h */ = {isa = PBXFileReference; fileEncoding = 4; lastKnownFileType = sourcecode.c.h; path = ReturnData.h; sourceTree = "<group>"; };
		81AD614114C483C300609357 /* ReturnData.m */ = {isa = PBXFileReference; fileEncoding = 4; lastKnownFileType = sourcecode.c.objc; path = ReturnData.m; sourceTree = "<group>"; };
		81C2652A14C448D500F0D8E7 /* skm_uia_download */ = {isa = PBXFileReference; explicitFileType = "compiled.mach-o.executable"; includeInIndex = 0; path = skm_uia_download; sourceTree = BUILT_PRODUCTS_DIR; };
		81C2652E14C448D500F0D8E7 /* Foundation.framework */ = {isa = PBXFileReference; lastKnownFileType = wrapper.framework; name = Foundation.framework; path = System/Library/Frameworks/Foundation.framework; sourceTree = SDKROOT; };
		81C2653114C448D500F0D8E7 /* main.m */ = {isa = PBXFileReference; lastKnownFileType = sourcecode.c.objc; path = main.m; sourceTree = "<group>"; };
		81C2653414C448D500F0D8E7 /* skm_uia_download-Prefix.pch */ = {isa = PBXFileReference; lastKnownFileType = sourcecode.c.h; path = "skm_uia_download-Prefix.pch"; sourceTree = "<group>"; };
		81C2654414C4513E00F0D8E7 /* DownloadData.h */ = {isa = PBXFileReference; fileEncoding = 4; lastKnownFileType = sourcecode.c.h; path = DownloadData.h; sourceTree = "<group>"; };
		81C2654514C4513E00F0D8E7 /* DownloadData.m */ = {isa = PBXFileReference; fileEncoding = 4; lastKnownFileType = sourcecode.c.objc; path = DownloadData.m; sourceTree = "<group>"; };
		81C2657814C4705E00F0D8E7 /* WriteJsonResponse.h */ = {isa = PBXFileReference; fileEncoding = 4; lastKnownFileType = sourcecode.c.h; path = WriteJsonResponse.h; sourceTree = "<group>"; };
		81C2657914C4705E00F0D8E7 /* WriteJsonResponse.m */ = {isa = PBXFileReference; fileEncoding = 4; lastKnownFileType = sourcecode.c.objc; path = WriteJsonResponse.m; sourceTree = "<group>"; };
		AD2F18AB16C17F4E00471F71 /* NSString+Meridian.h */ = {isa = PBXFileReference; fileEncoding = 4; lastKnownFileType = sourcecode.c.h; path = "NSString+Meridian.h"; sourceTree = "<group>"; };
		AD2F18AC16C17F4F00471F71 /* NSString+Meridian.m */ = {isa = PBXFileReference; fileEncoding = 4; lastKnownFileType = sourcecode.c.objc; path = "NSString+Meridian.m"; sourceTree = "<group>"; };
		D83947ED153474DC00A970C1 /* Alternatives.h */ = {isa = PBXFileReference; fileEncoding = 4; lastKnownFileType = sourcecode.c.h; path = Alternatives.h; sourceTree = "<group>"; };
		D83947EE153474DC00A970C1 /* Alternatives.m */ = {isa = PBXFileReference; fileEncoding = 4; lastKnownFileType = sourcecode.c.objc; path = Alternatives.m; sourceTree = "<group>"; };
		D83947EF153474DC00A970C1 /* CardImages.h */ = {isa = PBXFileReference; fileEncoding = 4; lastKnownFileType = sourcecode.c.h; path = CardImages.h; sourceTree = "<group>"; };
		D83947F0153474DC00A970C1 /* CardImages.m */ = {isa = PBXFileReference; fileEncoding = 4; lastKnownFileType = sourcecode.c.objc; path = CardImages.m; sourceTree = "<group>"; };
		D83947F1153474DC00A970C1 /* Cast.h */ = {isa = PBXFileReference; fileEncoding = 4; lastKnownFileType = sourcecode.c.h; path = Cast.h; sourceTree = "<group>"; };
		D83947F2153474DC00A970C1 /* Cast.m */ = {isa = PBXFileReference; fileEncoding = 4; lastKnownFileType = sourcecode.c.objc; path = Cast.m; sourceTree = "<group>"; };
		D83947F3153474DC00A970C1 /* Directors.h */ = {isa = PBXFileReference; fileEncoding = 4; lastKnownFileType = sourcecode.c.h; path = Directors.h; sourceTree = "<group>"; };
		D83947F4153474DC00A970C1 /* Directors.m */ = {isa = PBXFileReference; fileEncoding = 4; lastKnownFileType = sourcecode.c.objc; path = Directors.m; sourceTree = "<group>"; };
		D83947F5153474DC00A970C1 /* KeyArtImages.h */ = {isa = PBXFileReference; fileEncoding = 4; lastKnownFileType = sourcecode.c.h; path = KeyArtImages.h; sourceTree = "<group>"; };
		D83947F6153474DC00A970C1 /* KeyArtImages.m */ = {isa = PBXFileReference; fileEncoding = 4; lastKnownFileType = sourcecode.c.objc; path = KeyArtImages.m; sourceTree = "<group>"; };
		D83947F7153474DC00A970C1 /* Movies.h */ = {isa = PBXFileReference; fileEncoding = 4; lastKnownFileType = sourcecode.c.h; path = Movies.h; sourceTree = "<group>"; };
		D83947F8153474DC00A970C1 /* Movies.m */ = {isa = PBXFileReference; fileEncoding = 4; lastKnownFileType = sourcecode.c.objc; path = Movies.m; sourceTree = "<group>"; };
		D83947F9153474DC00A970C1 /* SkyMovies.h */ = {isa = PBXFileReference; fileEncoding = 4; lastKnownFileType = sourcecode.c.h; path = SkyMovies.h; sourceTree = "<group>"; };
		D83947FA153474DC00A970C1 /* SkyMovies.m */ = {isa = PBXFileReference; fileEncoding = 4; lastKnownFileType = sourcecode.c.objc; path = SkyMovies.m; sourceTree = "<group>"; };
		D83947FB153474DC00A970C1 /* Videos.h */ = {isa = PBXFileReference; fileEncoding = 4; lastKnownFileType = sourcecode.c.h; path = Videos.h; sourceTree = "<group>"; };
		D83947FC153474DC00A970C1 /* Videos.m */ = {isa = PBXFileReference; fileEncoding = 4; lastKnownFileType = sourcecode.c.objc; path = Videos.m; sourceTree = "<group>"; };
		D83947FD153474DC00A970C1 /* ViewingWindow.h */ = {isa = PBXFileReference; fileEncoding = 4; lastKnownFileType = sourcecode.c.h; path = ViewingWindow.h; sourceTree = "<group>"; };
		D83947FE153474DC00A970C1 /* ViewingWindow.m */ = {isa = PBXFileReference; fileEncoding = 4; lastKnownFileType = sourcecode.c.objc; path = ViewingWindow.m; sourceTree = "<group>"; };
		D8FB96BD1540113D004B20BC /* SKMAiring.h */ = {isa = PBXFileReference; fileEncoding = 4; lastKnownFileType = sourcecode.c.h; path = SKMAiring.h; sourceTree = "<group>"; };
		D8FB96BE1540113D004B20BC /* SKMAiring.m */ = {isa = PBXFileReference; fileEncoding = 4; lastKnownFileType = sourcecode.c.objc; path = SKMAiring.m; sourceTree = "<group>"; };
		D8FB96C0154011EB004B20BC /* AiringManager.h */ = {isa = PBXFileReference; fileEncoding = 4; lastKnownFileType = sourcecode.c.h; path = AiringManager.h; sourceTree = "<group>"; };
		D8FB96C1154011EB004B20BC /* AiringManager.m */ = {isa = PBXFileReference; fileEncoding = 4; lastKnownFileType = sourcecode.c.objc; path = AiringManager.m; sourceTree = "<group>"; };
/* End PBXFileReference section */

/* Begin PBXFrameworksBuildPhase section */
		81C2652714C448D500F0D8E7 /* Frameworks */ = {
			isa = PBXFrameworksBuildPhase;
			buildActionMask = 2147483647;
			files = (
				81C2652F14C448D500F0D8E7 /* Foundation.framework in Frameworks */,
			);
			runOnlyForDeploymentPostprocessing = 0;
		};
/* End PBXFrameworksBuildPhase section */

/* Begin PBXGroup section */
		81AD611014C47B5700609357 /* vendor */ = {
			isa = PBXGroup;
			children = (
				81AD611214C47B6000609357 /* modified */,
			);
			name = vendor;
			sourceTree = "<group>";
		};
		81AD611214C47B6000609357 /* modified */ = {
			isa = PBXGroup;
			children = (
				81AD611314C47B6900609357 /* SBJson_v3_0_4 */,
			);
			name = modified;
			sourceTree = "<group>";
		};
		81AD611314C47B6900609357 /* SBJson_v3_0_4 */ = {
			isa = PBXGroup;
			children = (
				81AD613A14C47BE000609357 /* readme.rtf */,
				81AD611414C47B8000609357 /* JSON.h */,
				81AD611514C47B8000609357 /* NSObject+SBJson.h */,
				81AD611614C47B8000609357 /* NSObject+SBJson.m */,
				81AD611714C47B8000609357 /* SBJson.h */,
				81AD611814C47B8000609357 /* SBJsonParser.h */,
				81AD611914C47B8000609357 /* SBJsonParser.m */,
				81AD611A14C47B8000609357 /* SBJsonStreamParser.h */,
				81AD611B14C47B8000609357 /* SBJsonStreamParser.m */,
				81AD611C14C47B8000609357 /* SBJsonStreamParserAccumulator.h */,
				81AD611D14C47B8000609357 /* SBJsonStreamParserAccumulator.m */,
				81AD611E14C47B8000609357 /* SBJsonStreamParserAdapter.h */,
				81AD611F14C47B8000609357 /* SBJsonStreamParserAdapter.m */,
				81AD612014C47B8000609357 /* SBJsonStreamParserState.h */,
				81AD612114C47B8000609357 /* SBJsonStreamParserState.m */,
				81AD612214C47B8000609357 /* SBJsonStreamWriter.h */,
				81AD612314C47B8000609357 /* SBJsonStreamWriter.m */,
				81AD612414C47B8000609357 /* SBJsonStreamWriterAccumulator.h */,
				81AD612514C47B8000609357 /* SBJsonStreamWriterAccumulator.m */,
				81AD612614C47B8000609357 /* SBJsonStreamWriterState.h */,
				81AD612714C47B8000609357 /* SBJsonStreamWriterState.m */,
				81AD612814C47B8000609357 /* SBJsonTokeniser.h */,
				81AD612914C47B8000609357 /* SBJsonTokeniser.m */,
				81AD612A14C47B8000609357 /* SBJsonUTF8Stream.h */,
				81AD612B14C47B8000609357 /* SBJsonUTF8Stream.m */,
				81AD612C14C47B8000609357 /* SBJsonWriter.h */,
				81AD612D14C47B8000609357 /* SBJsonWriter.m */,
			);
			name = SBJson_v3_0_4;
			sourceTree = "<group>";
		};
		81C2651F14C448D400F0D8E7 = {
			isa = PBXGroup;
			children = (
				81C2653014C448D500F0D8E7 /* skm_uia_download */,
				81C2652D14C448D500F0D8E7 /* Frameworks */,
				81C2652B14C448D500F0D8E7 /* Products */,
			);
			sourceTree = "<group>";
		};
		81C2652B14C448D500F0D8E7 /* Products */ = {
			isa = PBXGroup;
			children = (
				81C2652A14C448D500F0D8E7 /* skm_uia_download */,
			);
			name = Products;
			sourceTree = "<group>";
		};
		81C2652D14C448D500F0D8E7 /* Frameworks */ = {
			isa = PBXGroup;
			children = (
				81C2652E14C448D500F0D8E7 /* Foundation.framework */,
			);
			name = Frameworks;
			sourceTree = "<group>";
		};
		81C2653014C448D500F0D8E7 /* skm_uia_download */ = {
			isa = PBXGroup;
			children = (
				D8FB96BB154010EE004B20BC /* SkyMoviesAirings */,
				D83947EB153474B900A970C1 /* SkyMovies */,
				81AD611014C47B5700609357 /* vendor */,
				81C2653114C448D500F0D8E7 /* main.m */,
				81C2654414C4513E00F0D8E7 /* DownloadData.h */,
				81C2654514C4513E00F0D8E7 /* DownloadData.m */,
				81AD614014C483C300609357 /* ReturnData.h */,
				81AD614114C483C300609357 /* ReturnData.m */,
				81C2657814C4705E00F0D8E7 /* WriteJsonResponse.h */,
				81C2657914C4705E00F0D8E7 /* WriteJsonResponse.m */,
				81C2653314C448D500F0D8E7 /* Supporting Files */,
				AD2F18AB16C17F4E00471F71 /* NSString+Meridian.h */,
				AD2F18AC16C17F4F00471F71 /* NSString+Meridian.m */,
			);
			name = skm_uia_download;
			path = uia_download;
			sourceTree = "<group>";
		};
		81C2653314C448D500F0D8E7 /* Supporting Files */ = {
			isa = PBXGroup;
			children = (
				81C2653414C448D500F0D8E7 /* skm_uia_download-Prefix.pch */,
			);
			name = "Supporting Files";
			sourceTree = "<group>";
		};
		D83947EB153474B900A970C1 /* SkyMovies */ = {
			isa = PBXGroup;
			children = (
				D83947ED153474DC00A970C1 /* Alternatives.h */,
				D83947EE153474DC00A970C1 /* Alternatives.m */,
				D83947EF153474DC00A970C1 /* CardImages.h */,
				D83947F0153474DC00A970C1 /* CardImages.m */,
				D83947F1153474DC00A970C1 /* Cast.h */,
				D83947F2153474DC00A970C1 /* Cast.m */,
				D83947F3153474DC00A970C1 /* Directors.h */,
				D83947F4153474DC00A970C1 /* Directors.m */,
				D83947F5153474DC00A970C1 /* KeyArtImages.h */,
				D83947F6153474DC00A970C1 /* KeyArtImages.m */,
				D83947F7153474DC00A970C1 /* Movies.h */,
				D83947F8153474DC00A970C1 /* Movies.m */,
				D83947F9153474DC00A970C1 /* SkyMovies.h */,
				D83947FA153474DC00A970C1 /* SkyMovies.m */,
				D83947FB153474DC00A970C1 /* Videos.h */,
				D83947FC153474DC00A970C1 /* Videos.m */,
				D83947FD153474DC00A970C1 /* ViewingWindow.h */,
				D83947FE153474DC00A970C1 /* ViewingWindow.m */,
			);
			path = SkyMovies;
			sourceTree = "<group>";
		};
		D8FB96BB154010EE004B20BC /* SkyMoviesAirings */ = {
			isa = PBXGroup;
			children = (
				D8FB96BD1540113D004B20BC /* SKMAiring.h */,
				D8FB96BE1540113D004B20BC /* SKMAiring.m */,
				D8FB96C0154011EB004B20BC /* AiringManager.h */,
				D8FB96C1154011EB004B20BC /* AiringManager.m */,
			);
			path = SkyMoviesAirings;
			sourceTree = "<group>";
		};
/* End PBXGroup section */

/* Begin PBXNativeTarget section */
		81C2652914C448D500F0D8E7 /* skm_uia_download */ = {
			isa = PBXNativeTarget;
			buildConfigurationList = 81C2653914C448D500F0D8E7 /* Build configuration list for PBXNativeTarget "skm_uia_download" */;
			buildPhases = (
				81C2652614C448D500F0D8E7 /* Sources */,
				81C2652714C448D500F0D8E7 /* Frameworks */,
				81C2652814C448D500F0D8E7 /* CopyFiles */,
			);
			buildRules = (
			);
			dependencies = (
			);
			name = skm_uia_download;
			productName = uia_download;
			productReference = 81C2652A14C448D500F0D8E7 /* skm_uia_download */;
			productType = "com.apple.product-type.tool";
		};
/* End PBXNativeTarget section */

/* Begin PBXProject section */
		81C2652114C448D400F0D8E7 /* Project object */ = {
			isa = PBXProject;
			attributes = {
				LastUpgradeCheck = 0420;
			};
			buildConfigurationList = 81C2652414C448D400F0D8E7 /* Build configuration list for PBXProject "skm_uia_download" */;
			compatibilityVersion = "Xcode 3.2";
			developmentRegion = English;
			hasScannedForEncodings = 0;
			knownRegions = (
				en,
			);
			mainGroup = 81C2651F14C448D400F0D8E7;
			productRefGroup = 81C2652B14C448D500F0D8E7 /* Products */;
			projectDirPath = "";
			projectRoot = "";
			targets = (
				81C2652914C448D500F0D8E7 /* skm_uia_download */,
			);
		};
/* End PBXProject section */

/* Begin PBXSourcesBuildPhase section */
		81C2652614C448D500F0D8E7 /* Sources */ = {
			isa = PBXSourcesBuildPhase;
			buildActionMask = 2147483647;
			files = (
				81C2653214C448D500F0D8E7 /* main.m in Sources */,
				81C2654614C4513E00F0D8E7 /* DownloadData.m in Sources */,
				81C2657A14C4705E00F0D8E7 /* WriteJsonResponse.m in Sources */,
				81AD612E14C47B8000609357 /* NSObject+SBJson.m in Sources */,
				81AD612F14C47B8000609357 /* SBJsonParser.m in Sources */,
				81AD613014C47B8000609357 /* SBJsonStreamParser.m in Sources */,
				81AD613114C47B8000609357 /* SBJsonStreamParserAccumulator.m in Sources */,
				81AD613214C47B8000609357 /* SBJsonStreamParserAdapter.m in Sources */,
				81AD613314C47B8000609357 /* SBJsonStreamParserState.m in Sources */,
				81AD613414C47B8000609357 /* SBJsonStreamWriter.m in Sources */,
				81AD613514C47B8000609357 /* SBJsonStreamWriterAccumulator.m in Sources */,
				81AD613614C47B8000609357 /* SBJsonStreamWriterState.m in Sources */,
				81AD613714C47B8000609357 /* SBJsonTokeniser.m in Sources */,
				81AD613814C47B8000609357 /* SBJsonUTF8Stream.m in Sources */,
				81AD613914C47B8000609357 /* SBJsonWriter.m in Sources */,
				81AD614214C483C300609357 /* ReturnData.m in Sources */,
				D83947FF153474DC00A970C1 /* Alternatives.m in Sources */,
				D8394800153474DC00A970C1 /* CardImages.m in Sources */,
				D8394801153474DC00A970C1 /* Cast.m in Sources */,
				D8394802153474DC00A970C1 /* Directors.m in Sources */,
				D8394803153474DC00A970C1 /* KeyArtImages.m in Sources */,
				D8394804153474DC00A970C1 /* Movies.m in Sources */,
				D8394805153474DC00A970C1 /* SkyMovies.m in Sources */,
				D8394806153474DC00A970C1 /* Videos.m in Sources */,
				D8394807153474DC00A970C1 /* ViewingWindow.m in Sources */,
				D8FB96BF1540113D004B20BC /* SKMAiring.m in Sources */,
				D8FB96C2154011EB004B20BC /* AiringManager.m in Sources */,
				AD2F18AD16C17F4F00471F71 /* NSString+Meridian.m in Sources */,
			);
			runOnlyForDeploymentPostprocessing = 0;
		};
/* End PBXSourcesBuildPhase section */

/* Begin XCBuildConfiguration section */
		81C2653714C448D500F0D8E7 /* Debug */ = {
			isa = XCBuildConfiguration;
			buildSettings = {
				ALWAYS_SEARCH_USER_PATHS = NO;
				ARCHS = "$(ARCHS_STANDARD_64_BIT)";
				COPY_PHASE_STRIP = NO;
				GCC_C_LANGUAGE_STANDARD = gnu99;
				GCC_DYNAMIC_NO_PIC = NO;
				GCC_ENABLE_OBJC_EXCEPTIONS = YES;
				GCC_OPTIMIZATION_LEVEL = 0;
				GCC_PREPROCESSOR_DEFINITIONS = (
					"DEBUG=1",
					"$(inherited)",
				);
				GCC_SYMBOLS_PRIVATE_EXTERN = NO;
				GCC_VERSION = com.apple.compilers.llvm.clang.1_0;
				GCC_WARN_64_TO_32_BIT_CONVERSION = YES;
				GCC_WARN_ABOUT_MISSING_PROTOTYPES = YES;
				GCC_WARN_ABOUT_RETURN_TYPE = YES;
				GCC_WARN_UNUSED_VARIABLE = YES;
				MACOSX_DEPLOYMENT_TARGET = 10.6;
				ONLY_ACTIVE_ARCH = YES;
				SDKROOT = macosx;
			};
			name = Debug;
		};
		81C2653814C448D500F0D8E7 /* Release */ = {
			isa = XCBuildConfiguration;
			buildSettings = {
				ALWAYS_SEARCH_USER_PATHS = NO;
				ARCHS = "$(ARCHS_STANDARD_64_BIT)";
				COPY_PHASE_STRIP = YES;
				DEBUG_INFORMATION_FORMAT = "dwarf-with-dsym";
				GCC_C_LANGUAGE_STANDARD = gnu99;
				GCC_ENABLE_OBJC_EXCEPTIONS = YES;
				GCC_VERSION = com.apple.compilers.llvm.clang.1_0;
				GCC_WARN_64_TO_32_BIT_CONVERSION = YES;
				GCC_WARN_ABOUT_MISSING_PROTOTYPES = YES;
				GCC_WARN_ABOUT_RETURN_TYPE = YES;
				GCC_WARN_UNUSED_VARIABLE = YES;
				MACOSX_DEPLOYMENT_TARGET = 10.6;
				SDKROOT = macosx;
			};
			name = Release;
		};
		81C2653A14C448D500F0D8E7 /* Debug */ = {
			isa = XCBuildConfiguration;
			buildSettings = {
				CLANG_ENABLE_OBJC_ARC = YES;
				CLANG_WARN_SUSPICIOUS_IMPLICIT_CONVERSION = NO;
				GCC_PRECOMPILE_PREFIX_HEADER = YES;
				GCC_PREFIX_HEADER = "uia_download/skm_uia_download-Prefix.pch";
				GCC_TREAT_IMPLICIT_FUNCTION_DECLARATIONS_AS_ERRORS = YES;
				GCC_TREAT_WARNINGS_AS_ERRORS = YES;
				GCC_WARN_PEDANTIC = NO;
				GCC_WARN_SHADOW = YES;
				GCC_WARN_UNUSED_FUNCTION = YES;
				GCC_WARN_UNUSED_LABEL = YES;
				PRODUCT_NAME = skm_uia_download;
			};
			name = Debug;
		};
		81C2653B14C448D500F0D8E7 /* Release */ = {
			isa = XCBuildConfiguration;
			buildSettings = {
				CLANG_ENABLE_OBJC_ARC = YES;
				CLANG_WARN_SUSPICIOUS_IMPLICIT_CONVERSION = NO;
				GCC_OPTIMIZATION_LEVEL = 0;
				GCC_PRECOMPILE_PREFIX_HEADER = YES;
				GCC_PREFIX_HEADER = "uia_download/skm_uia_download-Prefix.pch";
				GCC_TREAT_IMPLICIT_FUNCTION_DECLARATIONS_AS_ERRORS = YES;
				GCC_TREAT_WARNINGS_AS_ERRORS = YES;
				GCC_WARN_PEDANTIC = NO;
				GCC_WARN_SHADOW = YES;
				GCC_WARN_UNUSED_FUNCTION = YES;
				GCC_WARN_UNUSED_LABEL = YES;
				PRODUCT_NAME = skm_uia_download;
			};
			name = Release;
		};
/* End XCBuildConfiguration section */

/* Begin XCConfigurationList section */
		81C2652414C448D400F0D8E7 /* Build configuration list for PBXProject "skm_uia_download" */ = {
			isa = XCConfigurationList;
			buildConfigurations = (
				81C2653714C448D500F0D8E7 /* Debug */,
				81C2653814C448D500F0D8E7 /* Release */,
			);
			defaultConfigurationIsVisible = 0;
			defaultConfigurationName = Release;
		};
		81C2653914C448D500F0D8E7 /* Build configuration list for PBXNativeTarget "skm_uia_download" */ = {
			isa = XCConfigurationList;
			buildConfigurations = (
				81C2653A14C448D500F0D8E7 /* Debug */,
				81C2653B14C448D500F0D8E7 /* Release */,
			);
			defaultConfigurationIsVisible = 0;
			defaultConfigurationName = Release;
		};
/* End XCConfigurationList section */
	};
	rootObject = 81C2652114C448D400F0D8E7 /* Project object */;
}
